
Microsoft Visual Studio Solution File, Format Version 12.00
# Visual Studio Version 16
VisualStudioVersion = 25.0.1705.2
MinimumVisualStudioVersion = 10.0.40219.1
Project("{FAE04EC0-301F-11D3-BF4B-00C04F79EFBC}") = "ASP.NET_CA_SEVEN_SHOP", "ASP.NET_CA_SEVEN_SHOP.csproj", "{CE72FF7A-10C8-4431-A9F8-149F468211B4}"
EndProject
Global
	GlobalSection(SolutionConfigurationPlatforms) = preSolution
		Debug|Any CPU = Debug|Any CPU
		Release|Any CPU = Release|Any CPU
	EndGlobalSection
	GlobalSection(ProjectConfigurationPlatforms) = postSolution
		{CE72FF7A-10C8-4431-A9F8-149F468211B4}.Debug|Any CPU.ActiveCfg = Debug|Any CPU
		{CE72FF7A-10C8-4431-A9F8-149F468211B4}.Debug|Any CPU.Build.0 = Debug|Any CPU
		{CE72FF7A-10C8-4431-A9F8-149F468211B4}.Release|Any CPU.ActiveCfg = Release|Any CPU
		{CE72FF7A-10C8-4431-A9F8-149F468211B4}.Release|Any CPU.Build.0 = Release|Any CPU
	EndGlobalSection
	GlobalSection(SolutionProperties) = preSolution
		HideSolutionNode = FALSE
	EndGlobalSection
	GlobalSection(ExtensibilityGlobals) = postSolution
		SolutionGuid = {985DCA36-D305-4EAE-BD80-8110404AC9AD}
	EndGlobalSection
EndGlobal
